<?xml version="1.0" encoding="utf-8"?>
<Project ToolsVersion="4.0" xmlns="http://schemas.microsoft.com/developer/msbuild/2003">
  <ItemGroup>
    <Filter Include="PPoem">
      <UniqueIdentifier>{666CD40D-D280-FCBE-9B02-A01E07D6F8EF}</UniqueIdentifier>
    </Filter>
    <Filter Include="include">
      <UniqueIdentifier>{89AF369E-F58E-B539-FEA6-40106A051C9B}</UniqueIdentifier>
    </Filter>
  </ItemGroup>
  <ItemGroup>
    <ClInclude Include="source\PPoem\Application.h">
      <Filter>PPoem</Filter>
    </ClInclude>
    <ClInclude Include="source\PPoem\Core.h">
      <Filter>PPoem</Filter>
    </ClInclude>
    <ClInclude Include="source\PPoem\EntryPoint.h">
      <Filter>PPoem</Filter>
    </ClInclude>
    <ClInclude Include="source\PPoem\Log.h">
      <Filter>PPoem</Filter>
    </ClInclude>
    <ClInclude Include="source\include\PPoem.h">
      <Filter>include</Filter>
    </ClInclude>
  </ItemGroup>
  <ItemGroup>
    <ClCompile Include="source\PPoem\Application.cpp">
      <Filter>PPoem</Filter>
    </ClCompile>
    <ClCompile Include="source\PPoem\Log.cpp">
      <Filter>PPoem</Filter>
    </ClCompile>
  </ItemGroup>
</Project>